Microsoft Visual Studio Solution File, Format Version 12.00
# Visual Studio Version 16
VisualStudioVersion = 16.0.28729.10
MinimumVisualStudioVersion = 10.0.40219.1
Project("{2150E333-8FDC-42A3-9474-1A3956D46DE8}") = "Solution Items", "Solution Items", "{CF42E404-7542-42B7-B467-A04BE64C3350}"
	ProjectSection(SolutionItems) = preProject
		.editorconfig = .editorconfig
		Gorgon\NoLiteralBugFix.ruleset = Gorgon\NoLiteralBugFix.ruleset
		Examples\NoRules.ruleset = Examples\NoRules.ruleset
	EndProjectSection
EndProject
Project("{9A19103F-16F7-4668-BE54-9A1E7A4F7556}") = "Gorgon.Core", "Gorgon\Gorgon.Core\Gorgon.Core.csproj", "{3AEB7E65-9D89-441B-9E06-5C4A726D6AAC}"
EndProject
Project("{2150E333-8FDC-42A3-9474-1A3956D46DE8}") = "Examples", "Examples", "{26ABE108-3ABC-4914-8CAD-3D00E8A11912}"
EndProject
Project("{2150E333-8FDC-42A3-9474-1A3956D46DE8}") = "Gorgon.Core", "Gorgon.Core", "{EF05649E-B4D3-46AA-ACA6-9B0E272EBC49}"
EndProject
Project("{9A19103F-16F7-4668-BE54-9A1E7A4F7556}") = "Example004", "Examples\Gorgon.Core\Example004\Example004.csproj", "{79A441A9-1FEE-4454-88BA-2D33C261A778}"
EndProject
Project("{9A19103F-16F7-4668-BE54-9A1E7A4F7556}") = "Example004.GreenAndPurplePlugIn", "Examples\Gorgon.Core\Example004\PlugIns\Example004.GreenAndPurplePlugIn\Example004.GreenAndPurplePlugIn.csproj", "{34129727-006B-41CB-AB80-EE182DBA86D5}"
EndProject
Project("{9A19103F-16F7-4668-BE54-9A1E7A4F7556}") = "Example004.BluePlugIn", "Examples\Gorgon.Core\Example004\PlugIns\Example004.BluePlugIn\Example004.BluePlugIn.csproj", "{EA26F0CF-61BD-4DBF-8D89-42F5A7F8EA65}"
EndProject
Project("{9A19103F-16F7-4668-BE54-9A1E7A4F7556}") = "Example001", "Examples\Gorgon.Core\Example001\Example001.csproj", "{FB5FB98F-0388-4804-AB28-909813A71760}"
EndProject
Project("{9A19103F-16F7-4668-BE54-9A1E7A4F7556}") = "Gorgon.Windows", "Gorgon\Gorgon.Windows\Gorgon.Windows.csproj", "{A31BCCEC-15B9-468F-8BA7-016AA7E286B7}"
EndProject
Project("{9A19103F-16F7-4668-BE54-9A1E7A4F7556}") = "Example002", "Examples\Gorgon.Core\Example002\Example002.csproj", "{5B3460F2-04C1-4054-B535-D4E17ABC1DAB}"
EndProject
Project("{9A19103F-16F7-4668-BE54-9A1E7A4F7556}") = "Example003", "Examples\Gorgon.Core\Example003\Example003.csproj", "{3E993C88-9F06-4025-A5F0-2C47D9806312}"
EndProject
Project("{9A19103F-16F7-4668-BE54-9A1E7A4F7556}") = "Example005", "Examples\Gorgon.Core\Example005\Example005.csproj", "{26AA2559-85C8-4E1B-A44B-38A48170CF17}"
EndProject
Global
	GlobalSection(SolutionConfigurationPlatforms) = preSolution
		Debug|Any CPU = Debug|Any CPU
		Release|Any CPU = Release|Any CPU
	EndGlobalSection
	GlobalSection(ProjectConfigurationPlatforms) = postSolution
		{3AEB7E65-9D89-441B-9E06-5C4A726D6AAC}.Debug|Any CPU.ActiveCfg = Debug|Any CPU
		{3AEB7E65-9D89-441B-9E06-5C4A726D6AAC}.Debug|Any CPU.Build.0 = Debug|Any CPU
		{3AEB7E65-9D89-441B-9E06-5C4A726D6AAC}.Release|Any CPU.ActiveCfg = Release|Any CPU
		{3AEB7E65-9D89-441B-9E06-5C4A726D6AAC}.Release|Any CPU.Build.0 = Release|Any CPU
		{79A441A9-1FEE-4454-88BA-2D33C261A778}.Debug|Any CPU.ActiveCfg = Debug|Any CPU
		{79A441A9-1FEE-4454-88BA-2D33C261A778}.Debug|Any CPU.Build.0 = Debug|Any CPU
		{79A441A9-1FEE-4454-88BA-2D33C261A778}.Release|Any CPU.ActiveCfg = Release|Any CPU
		{79A441A9-1FEE-4454-88BA-2D33C261A778}.Release|Any CPU.Build.0 = Release|Any CPU
		{34129727-006B-41CB-AB80-EE182DBA86D5}.Debug|Any CPU.ActiveCfg = Debug|Any CPU
		{34129727-006B-41CB-AB80-EE182DBA86D5}.Debug|Any CPU.Build.0 = Debug|Any CPU
		{34129727-006B-41CB-AB80-EE182DBA86D5}.Release|Any CPU.ActiveCfg = Release|Any CPU
		{34129727-006B-41CB-AB80-EE182DBA86D5}.Release|Any CPU.Build.0 = Release|Any CPU
		{EA26F0CF-61BD-4DBF-8D89-42F5A7F8EA65}.Debug|Any CPU.ActiveCfg = Debug|Any CPU
		{EA26F0CF-61BD-4DBF-8D89-42F5A7F8EA65}.Debug|Any CPU.Build.0 = Debug|Any CPU
		{EA26F0CF-61BD-4DBF-8D89-42F5A7F8EA65}.Release|Any CPU.ActiveCfg = Release|Any CPU
		{EA26F0CF-61BD-4DBF-8D89-42F5A7F8EA65}.Release|Any CPU.Build.0 = Release|Any CPU
		{FB5FB98F-0388-4804-AB28-909813A71760}.Debug|Any CPU.ActiveCfg = Debug|Any CPU
		{FB5FB98F-0388-4804-AB28-909813A71760}.Debug|Any CPU.Build.0 = Debug|Any CPU
		{FB5FB98F-0388-4804-AB28-909813A71760}.Release|Any CPU.ActiveCfg = Release|Any CPU
		{FB5FB98F-0388-4804-AB28-909813A71760}.Release|Any CPU.Build.0 = Release|Any CPU
		{A31BCCEC-15B9-468F-8BA7-016AA7E286B7}.Debug|Any CPU.ActiveCfg = Debug|Any CPU
		{A31BCCEC-15B9-468F-8BA7-016AA7E286B7}.Debug|Any CPU.Build.0 = Debug|Any CPU
		{A31BCCEC-15B9-468F-8BA7-016AA7E286B7}.Release|Any CPU.ActiveCfg = Release|Any CPU
		{A31BCCEC-15B9-468F-8BA7-016AA7E286B7}.Release|Any CPU.Build.0 = Release|Any CPU
		{5B3460F2-04C1-4054-B535-D4E17ABC1DAB}.Debug|Any CPU.ActiveCfg = Debug|Any CPU
		{5B3460F2-04C1-4054-B535-D4E17ABC1DAB}.Debug|Any CPU.Build.0 = Debug|Any CPU
		{5B3460F2-04C1-4054-B535-D4E17ABC1DAB}.Release|Any CPU.ActiveCfg = Release|Any CPU
		{5B3460F2-04C1-4054-B535-D4E17ABC1DAB}.Release|Any CPU.Build.0 = Release|Any CPU
		{3E993C88-9F06-4025-A5F0-2C47D9806312}.Debug|Any CPU.ActiveCfg = Debug|Any CPU
		{3E993C88-9F06-4025-A5F0-2C47D9806312}.Debug|Any CPU.Build.0 = Debug|Any CPU
		{3E993C88-9F06-4025-A5F0-2C47D9806312}.Release|Any CPU.ActiveCfg = Release|Any CPU
		{3E993C88-9F06-4025-A5F0-2C47D9806312}.Release|Any CPU.Build.0 = Release|Any CPU
		{26AA2559-85C8-4E1B-A44B-38A48170CF17}.Debug|Any CPU.ActiveCfg = Debug|Any CPU
		{26AA2559-85C8-4E1B-A44B-38A48170CF17}.Debug|Any CPU.Build.0 = Debug|Any CPU
		{26AA2559-85C8-4E1B-A44B-38A48170CF17}.Release|Any CPU.ActiveCfg = Release|Any CPU
		{26AA2559-85C8-4E1B-A44B-38A48170CF17}.Release|Any CPU.Build.0 = Release|Any CPU
	EndGlobalSection
	GlobalSection(SolutionProperties) = preSolution
		HideSolutionNode = FALSE
	EndGlobalSection
	GlobalSection(NestedProjects) = preSolution
		{EF05649E-B4D3-46AA-ACA6-9B0E272EBC49} = {26ABE108-3ABC-4914-8CAD-3D00E8A11912}
		{79A441A9-1FEE-4454-88BA-2D33C261A778} = {EF05649E-B4D3-46AA-ACA6-9B0E272EBC49}
		{34129727-006B-41CB-AB80-EE182DBA86D5} = {EF05649E-B4D3-46AA-ACA6-9B0E272EBC49}
		{EA26F0CF-61BD-4DBF-8D89-42F5A7F8EA65} = {EF05649E-B4D3-46AA-ACA6-9B0E272EBC49}
		{FB5FB98F-0388-4804-AB28-909813A71760} = {EF05649E-B4D3-46AA-ACA6-9B0E272EBC49}
		{5B3460F2-04C1-4054-B535-D4E17ABC1DAB} = {EF05649E-B4D3-46AA-ACA6-9B0E272EBC49}
		{3E993C88-9F06-4025-A5F0-2C47D9806312} = {EF05649E-B4D3-46AA-ACA6-9B0E272EBC49}
		{26AA2559-85C8-4E1B-A44B-38A48170CF17} = {EF05649E-B4D3-46AA-ACA6-9B0E272EBC49}
	EndGlobalSection
	GlobalSection(ExtensibilityGlobals) = postSolution
		SolutionGuid = {BA39288E-AC40-4B74-8AE3-AB6E94D02D77}
	EndGlobalSection
EndGlobal
