Microsoft Visual Studio Solution File, Format Version 12.00
# Visual Studio Version 16
VisualStudioVersion = 16.0.28729.10
MinimumVisualStudioVersion = 10.0.40219.1
Project("{2150E333-8FDC-42A3-9474-1A3956D46DE8}") = "Solution Items", "Solution Items", "{CF42E404-7542-42B7-B467-A04BE64C3350}"
	ProjectSection(SolutionItems) = preProject
		.editorconfig = .editorconfig
		Gorgon\NoLiteralBugFix.ruleset = Gorgon\NoLiteralBugFix.ruleset
		Examples\NoRules.ruleset = Examples\NoRules.ruleset
	EndProjectSection
EndProject
Project("{9A19103F-16F7-4668-BE54-9A1E7A4F7556}") = "Gorgon.Core", "Gorgon\Gorgon.Core\Gorgon.Core.csproj", "{3AEB7E65-9D89-441B-9E06-5C4A726D6AAC}"
EndProject
Project("{2150E333-8FDC-42A3-9474-1A3956D46DE8}") = "Examples", "Examples", "{26ABE108-3ABC-4914-8CAD-3D00E8A11912}"
EndProject
Project("{2150E333-8FDC-42A3-9474-1A3956D46DE8}") = "Core", "Core", "{EF05649E-B4D3-46AA-ACA6-9B0E272EBC49}"
EndProject
Project("{9A19103F-16F7-4668-BE54-9A1E7A4F7556}") = "Example004", "Examples\Gorgon.Core\Example004\Example004.csproj", "{79A441A9-1FEE-4454-88BA-2D33C261A778}"
EndProject
Project("{9A19103F-16F7-4668-BE54-9A1E7A4F7556}") = "Example004.GreenAndPurplePlugIn", "Examples\Gorgon.Core\Example004\PlugIns\Example004.GreenAndPurplePlugIn\Example004.GreenAndPurplePlugIn.csproj", "{34129727-006B-41CB-AB80-EE182DBA86D5}"
EndProject
Project("{9A19103F-16F7-4668-BE54-9A1E7A4F7556}") = "Example004.BluePlugIn", "Examples\Gorgon.Core\Example004\PlugIns\Example004.BluePlugIn\Example004.BluePlugIn.csproj", "{EA26F0CF-61BD-4DBF-8D89-42F5A7F8EA65}"
EndProject
Project("{9A19103F-16F7-4668-BE54-9A1E7A4F7556}") = "Example001", "Examples\Gorgon.Core\Example001\Example001.csproj", "{FB5FB98F-0388-4804-AB28-909813A71760}"
EndProject
Project("{9A19103F-16F7-4668-BE54-9A1E7A4F7556}") = "Gorgon.Windows", "Gorgon\Gorgon.Windows\Gorgon.Windows.csproj", "{A31BCCEC-15B9-468F-8BA7-016AA7E286B7}"
EndProject
Project("{9A19103F-16F7-4668-BE54-9A1E7A4F7556}") = "Example002", "Examples\Gorgon.Core\Example002\Example002.csproj", "{5B3460F2-04C1-4054-B535-D4E17ABC1DAB}"
EndProject
Project("{9A19103F-16F7-4668-BE54-9A1E7A4F7556}") = "Example003", "Examples\Gorgon.Core\Example003\Example003.csproj", "{3E993C88-9F06-4025-A5F0-2C47D9806312}"
EndProject
Project("{9A19103F-16F7-4668-BE54-9A1E7A4F7556}") = "Example005", "Examples\Gorgon.Core\Example005\Example005.csproj", "{26AA2559-85C8-4E1B-A44B-38A48170CF17}"
EndProject
Project("{9A19103F-16F7-4668-BE54-9A1E7A4F7556}") = "Gorgon.FileSystem", "Gorgon\Gorgon.FileSystem\Gorgon.FileSystem.csproj", "{05AB296C-2242-41E4-BE6D-873B04899A96}"
EndProject
Project("{2150E333-8FDC-42A3-9474-1A3956D46DE8}") = "Plugins", "Plugins", "{6ABBD402-C129-4700-A13F-BF77C95435C3}"
EndProject
Project("{9A19103F-16F7-4668-BE54-9A1E7A4F7556}") = "Gorgon.FileSystem.GorPack", "PlugIns\Gorgon.FileSystem.GorPack\Gorgon.FileSystem.GorPack.csproj", "{AF5CC6AF-B4CE-4E5A-B5C5-5BFCB80C1BFA}"
EndProject
Project("{9A19103F-16F7-4668-BE54-9A1E7A4F7556}") = "Gorgon.FileSystem.Zip", "PlugIns\Gorgon.FileSystem.Zip\Gorgon.FileSystem.Zip.csproj", "{86799AC3-C8B0-4DFF-BC77-4FA1F49B3C0F}"
EndProject
Project("{2150E333-8FDC-42A3-9474-1A3956D46DE8}") = "FileSystem", "FileSystem", "{2240117D-6A9E-4CBD-84F2-4E5133A9B334}"
EndProject
Project("{9A19103F-16F7-4668-BE54-9A1E7A4F7556}") = "FileSystemProviders", "Examples\Gorgon.FileSystem\FileSystemProviders\FileSystemProviders.csproj", "{2C5FD932-2228-4C1E-92DC-B0956D6D5957}"
EndProject
Project("{9A19103F-16F7-4668-BE54-9A1E7A4F7556}") = "FolderFileSystem", "Examples\Gorgon.FileSystem\FolderFileSystem\FolderFileSystem.csproj", "{E84DE0B0-10F6-4FA0-A095-599B13FAED39}"
EndProject
Project("{9A19103F-16F7-4668-BE54-9A1E7A4F7556}") = "MultiSource", "Examples\Gorgon.FileSystem\MultiSource\MultiSource.csproj", "{CD89B7AD-3736-429B-9444-D67984C02C6E}"
EndProject
Project("{9A19103F-16F7-4668-BE54-9A1E7A4F7556}") = "Writing", "Examples\Gorgon.FileSystem\Writing\Writing.csproj", "{C880C2EB-8FCB-4B62-8E2D-790186291DC4}"
EndProject
Project("{9A19103F-16F7-4668-BE54-9A1E7A4F7556}") = "ExamplesCommon", "Examples\ExamplesCommon\ExamplesCommon.csproj", "{2C50FB52-7231-45EA-9314-FCFE2FFE42DD}"
EndProject
Project("{9A19103F-16F7-4668-BE54-9A1E7A4F7556}") = "ZipFileSystem", "Examples\Gorgon.FileSystem\ZipFileSystem\ZipFileSystem.csproj", "{0E10B63F-86F3-4D96-B1C4-06B95B412D9C}"
EndProject
Project("{9A19103F-16F7-4668-BE54-9A1E7A4F7556}") = "Gorgon.Input", "Gorgon\Gorgon.Input\Gorgon.Input.csproj", "{38178C3A-5EC7-40A8-93E9-B4E8F2F9CDDC}"
EndProject
Project("{9A19103F-16F7-4668-BE54-9A1E7A4F7556}") = "Gorgon.Input.DirectInput", "PlugIns\Gorgon.Input.DirectInput\Gorgon.Input.DirectInput.csproj", "{B2A05F1A-E0C2-4137-B619-8E9BC3649EFD}"
EndProject
Project("{9A19103F-16F7-4668-BE54-9A1E7A4F7556}") = "Gorgon.Input.XInput", "PlugIns\Gorgon.Input.XInput\Gorgon.Input.XInput.csproj", "{885F6CD2-6601-4A08-9123-637130A45C60}"
EndProject
Project("{2150E333-8FDC-42A3-9474-1A3956D46DE8}") = "Input", "Input", "{2540F2A4-BD98-4AA8-8C38-061060D20D95}"
EndProject
Project("{9A19103F-16F7-4668-BE54-9A1E7A4F7556}") = "RawInputDevices", "Examples\Gorgon.Input\InputDevices\RawInputDevices.csproj", "{5E19764C-CC76-4EEC-9E87-9445DDCEA200}"
EndProject
Project("{9A19103F-16F7-4668-BE54-9A1E7A4F7556}") = "GamingDeviceDrivers", "Examples\Gorgon.Input\InputService\GamingDeviceDrivers.csproj", "{E0C8545E-81C4-4F2A-A01D-6C71DE1291B1}"
EndProject
Project("{9A19103F-16F7-4668-BE54-9A1E7A4F7556}") = "XInput", "Examples\Gorgon.Input\XInput\XInput.csproj", "{DE9A23AA-338E-4785-B697-2F4BE2B32B2C}"
EndProject
Project("{2150E333-8FDC-42A3-9474-1A3956D46DE8}") = "Graphics", "Graphics", "{24D17744-1E5C-40B5-B591-505C391450BF}"
EndProject
Project("{9A19103F-16F7-4668-BE54-9A1E7A4F7556}") = "Gorgon.Graphics.Imaging", "Gorgon\Gorgon.Graphics.Imaging\Gorgon.Graphics.Imaging.csproj", "{46368D90-60BD-4006-87FD-1B30DAD70416}"
EndProject
Project("{9A19103F-16F7-4668-BE54-9A1E7A4F7556}") = "Images", "Examples\Gorgon.Graphics\Images\Images.csproj", "{9EFDEDF0-70C2-4B57-A97F-6502AEA2FE6F}"
EndProject
Global
	GlobalSection(SolutionConfigurationPlatforms) = preSolution
		Debug|Any CPU = Debug|Any CPU
		Release|Any CPU = Release|Any CPU
	EndGlobalSection
	GlobalSection(ProjectConfigurationPlatforms) = postSolution
		{3AEB7E65-9D89-441B-9E06-5C4A726D6AAC}.Debug|Any CPU.ActiveCfg = Debug|Any CPU
		{3AEB7E65-9D89-441B-9E06-5C4A726D6AAC}.Debug|Any CPU.Build.0 = Debug|Any CPU
		{3AEB7E65-9D89-441B-9E06-5C4A726D6AAC}.Release|Any CPU.ActiveCfg = Release|Any CPU
		{3AEB7E65-9D89-441B-9E06-5C4A726D6AAC}.Release|Any CPU.Build.0 = Release|Any CPU
		{79A441A9-1FEE-4454-88BA-2D33C261A778}.Debug|Any CPU.ActiveCfg = Debug|Any CPU
		{79A441A9-1FEE-4454-88BA-2D33C261A778}.Debug|Any CPU.Build.0 = Debug|Any CPU
		{79A441A9-1FEE-4454-88BA-2D33C261A778}.Release|Any CPU.ActiveCfg = Release|Any CPU
		{79A441A9-1FEE-4454-88BA-2D33C261A778}.Release|Any CPU.Build.0 = Release|Any CPU
		{34129727-006B-41CB-AB80-EE182DBA86D5}.Debug|Any CPU.ActiveCfg = Debug|Any CPU
		{34129727-006B-41CB-AB80-EE182DBA86D5}.Debug|Any CPU.Build.0 = Debug|Any CPU
		{34129727-006B-41CB-AB80-EE182DBA86D5}.Release|Any CPU.ActiveCfg = Release|Any CPU
		{34129727-006B-41CB-AB80-EE182DBA86D5}.Release|Any CPU.Build.0 = Release|Any CPU
		{EA26F0CF-61BD-4DBF-8D89-42F5A7F8EA65}.Debug|Any CPU.ActiveCfg = Debug|Any CPU
		{EA26F0CF-61BD-4DBF-8D89-42F5A7F8EA65}.Debug|Any CPU.Build.0 = Debug|Any CPU
		{EA26F0CF-61BD-4DBF-8D89-42F5A7F8EA65}.Release|Any CPU.ActiveCfg = Release|Any CPU
		{EA26F0CF-61BD-4DBF-8D89-42F5A7F8EA65}.Release|Any CPU.Build.0 = Release|Any CPU
		{FB5FB98F-0388-4804-AB28-909813A71760}.Debug|Any CPU.ActiveCfg = Debug|Any CPU
		{FB5FB98F-0388-4804-AB28-909813A71760}.Debug|Any CPU.Build.0 = Debug|Any CPU
		{FB5FB98F-0388-4804-AB28-909813A71760}.Release|Any CPU.ActiveCfg = Release|Any CPU
		{FB5FB98F-0388-4804-AB28-909813A71760}.Release|Any CPU.Build.0 = Release|Any CPU
		{A31BCCEC-15B9-468F-8BA7-016AA7E286B7}.Debug|Any CPU.ActiveCfg = Debug|Any CPU
		{A31BCCEC-15B9-468F-8BA7-016AA7E286B7}.Debug|Any CPU.Build.0 = Debug|Any CPU
		{A31BCCEC-15B9-468F-8BA7-016AA7E286B7}.Release|Any CPU.ActiveCfg = Release|Any CPU
		{A31BCCEC-15B9-468F-8BA7-016AA7E286B7}.Release|Any CPU.Build.0 = Release|Any CPU
		{5B3460F2-04C1-4054-B535-D4E17ABC1DAB}.Debug|Any CPU.ActiveCfg = Debug|Any CPU
		{5B3460F2-04C1-4054-B535-D4E17ABC1DAB}.Debug|Any CPU.Build.0 = Debug|Any CPU
		{5B3460F2-04C1-4054-B535-D4E17ABC1DAB}.Release|Any CPU.ActiveCfg = Release|Any CPU
		{5B3460F2-04C1-4054-B535-D4E17ABC1DAB}.Release|Any CPU.Build.0 = Release|Any CPU
		{3E993C88-9F06-4025-A5F0-2C47D9806312}.Debug|Any CPU.ActiveCfg = Debug|Any CPU
		{3E993C88-9F06-4025-A5F0-2C47D9806312}.Debug|Any CPU.Build.0 = Debug|Any CPU
		{3E993C88-9F06-4025-A5F0-2C47D9806312}.Release|Any CPU.ActiveCfg = Release|Any CPU
		{3E993C88-9F06-4025-A5F0-2C47D9806312}.Release|Any CPU.Build.0 = Release|Any CPU
		{26AA2559-85C8-4E1B-A44B-38A48170CF17}.Debug|Any CPU.ActiveCfg = Debug|Any CPU
		{26AA2559-85C8-4E1B-A44B-38A48170CF17}.Debug|Any CPU.Build.0 = Debug|Any CPU
		{26AA2559-85C8-4E1B-A44B-38A48170CF17}.Release|Any CPU.ActiveCfg = Release|Any CPU
		{26AA2559-85C8-4E1B-A44B-38A48170CF17}.Release|Any CPU.Build.0 = Release|Any CPU
		{05AB296C-2242-41E4-BE6D-873B04899A96}.Debug|Any CPU.ActiveCfg = Debug|Any CPU
		{05AB296C-2242-41E4-BE6D-873B04899A96}.Debug|Any CPU.Build.0 = Debug|Any CPU
		{05AB296C-2242-41E4-BE6D-873B04899A96}.Release|Any CPU.ActiveCfg = Release|Any CPU
		{05AB296C-2242-41E4-BE6D-873B04899A96}.Release|Any CPU.Build.0 = Release|Any CPU
		{AF5CC6AF-B4CE-4E5A-B5C5-5BFCB80C1BFA}.Debug|Any CPU.ActiveCfg = Debug|Any CPU
		{AF5CC6AF-B4CE-4E5A-B5C5-5BFCB80C1BFA}.Debug|Any CPU.Build.0 = Debug|Any CPU
		{AF5CC6AF-B4CE-4E5A-B5C5-5BFCB80C1BFA}.Release|Any CPU.ActiveCfg = Release|Any CPU
		{AF5CC6AF-B4CE-4E5A-B5C5-5BFCB80C1BFA}.Release|Any CPU.Build.0 = Release|Any CPU
		{86799AC3-C8B0-4DFF-BC77-4FA1F49B3C0F}.Debug|Any CPU.ActiveCfg = Debug|Any CPU
		{86799AC3-C8B0-4DFF-BC77-4FA1F49B3C0F}.Debug|Any CPU.Build.0 = Debug|Any CPU
		{86799AC3-C8B0-4DFF-BC77-4FA1F49B3C0F}.Release|Any CPU.ActiveCfg = Release|Any CPU
		{86799AC3-C8B0-4DFF-BC77-4FA1F49B3C0F}.Release|Any CPU.Build.0 = Release|Any CPU
		{2C5FD932-2228-4C1E-92DC-B0956D6D5957}.Debug|Any CPU.ActiveCfg = Debug|Any CPU
		{2C5FD932-2228-4C1E-92DC-B0956D6D5957}.Debug|Any CPU.Build.0 = Debug|Any CPU
		{2C5FD932-2228-4C1E-92DC-B0956D6D5957}.Release|Any CPU.ActiveCfg = Release|Any CPU
		{2C5FD932-2228-4C1E-92DC-B0956D6D5957}.Release|Any CPU.Build.0 = Release|Any CPU
		{E84DE0B0-10F6-4FA0-A095-599B13FAED39}.Debug|Any CPU.ActiveCfg = Debug|Any CPU
		{E84DE0B0-10F6-4FA0-A095-599B13FAED39}.Debug|Any CPU.Build.0 = Debug|Any CPU
		{E84DE0B0-10F6-4FA0-A095-599B13FAED39}.Release|Any CPU.ActiveCfg = Release|Any CPU
		{E84DE0B0-10F6-4FA0-A095-599B13FAED39}.Release|Any CPU.Build.0 = Release|Any CPU
		{CD89B7AD-3736-429B-9444-D67984C02C6E}.Debug|Any CPU.ActiveCfg = Debug|Any CPU
		{CD89B7AD-3736-429B-9444-D67984C02C6E}.Debug|Any CPU.Build.0 = Debug|Any CPU
		{CD89B7AD-3736-429B-9444-D67984C02C6E}.Release|Any CPU.ActiveCfg = Release|Any CPU
		{CD89B7AD-3736-429B-9444-D67984C02C6E}.Release|Any CPU.Build.0 = Release|Any CPU
		{C880C2EB-8FCB-4B62-8E2D-790186291DC4}.Debug|Any CPU.ActiveCfg = Debug|Any CPU
		{C880C2EB-8FCB-4B62-8E2D-790186291DC4}.Debug|Any CPU.Build.0 = Debug|Any CPU
		{C880C2EB-8FCB-4B62-8E2D-790186291DC4}.Release|Any CPU.ActiveCfg = Release|Any CPU
		{C880C2EB-8FCB-4B62-8E2D-790186291DC4}.Release|Any CPU.Build.0 = Release|Any CPU
		{2C50FB52-7231-45EA-9314-FCFE2FFE42DD}.Debug|Any CPU.ActiveCfg = Debug|Any CPU
		{2C50FB52-7231-45EA-9314-FCFE2FFE42DD}.Debug|Any CPU.Build.0 = Debug|Any CPU
		{2C50FB52-7231-45EA-9314-FCFE2FFE42DD}.Release|Any CPU.ActiveCfg = Release|Any CPU
		{2C50FB52-7231-45EA-9314-FCFE2FFE42DD}.Release|Any CPU.Build.0 = Release|Any CPU
		{0E10B63F-86F3-4D96-B1C4-06B95B412D9C}.Debug|Any CPU.ActiveCfg = Debug|Any CPU
		{0E10B63F-86F3-4D96-B1C4-06B95B412D9C}.Debug|Any CPU.Build.0 = Debug|Any CPU
		{0E10B63F-86F3-4D96-B1C4-06B95B412D9C}.Release|Any CPU.ActiveCfg = Release|Any CPU
		{0E10B63F-86F3-4D96-B1C4-06B95B412D9C}.Release|Any CPU.Build.0 = Release|Any CPU
		{38178C3A-5EC7-40A8-93E9-B4E8F2F9CDDC}.Debug|Any CPU.ActiveCfg = Debug|Any CPU
		{38178C3A-5EC7-40A8-93E9-B4E8F2F9CDDC}.Debug|Any CPU.Build.0 = Debug|Any CPU
		{38178C3A-5EC7-40A8-93E9-B4E8F2F9CDDC}.Release|Any CPU.ActiveCfg = Release|Any CPU
		{38178C3A-5EC7-40A8-93E9-B4E8F2F9CDDC}.Release|Any CPU.Build.0 = Release|Any CPU
		{B2A05F1A-E0C2-4137-B619-8E9BC3649EFD}.Debug|Any CPU.ActiveCfg = Debug|Any CPU
		{B2A05F1A-E0C2-4137-B619-8E9BC3649EFD}.Debug|Any CPU.Build.0 = Debug|Any CPU
		{B2A05F1A-E0C2-4137-B619-8E9BC3649EFD}.Release|Any CPU.ActiveCfg = Release|Any CPU
		{B2A05F1A-E0C2-4137-B619-8E9BC3649EFD}.Release|Any CPU.Build.0 = Release|Any CPU
		{885F6CD2-6601-4A08-9123-637130A45C60}.Debug|Any CPU.ActiveCfg = Debug|Any CPU
		{885F6CD2-6601-4A08-9123-637130A45C60}.Debug|Any CPU.Build.0 = Debug|Any CPU
		{885F6CD2-6601-4A08-9123-637130A45C60}.Release|Any CPU.ActiveCfg = Release|Any CPU
		{885F6CD2-6601-4A08-9123-637130A45C60}.Release|Any CPU.Build.0 = Release|Any CPU
		{5E19764C-CC76-4EEC-9E87-9445DDCEA200}.Debug|Any CPU.ActiveCfg = Debug|Any CPU
		{5E19764C-CC76-4EEC-9E87-9445DDCEA200}.Debug|Any CPU.Build.0 = Debug|Any CPU
		{5E19764C-CC76-4EEC-9E87-9445DDCEA200}.Release|Any CPU.ActiveCfg = Release|Any CPU
		{5E19764C-CC76-4EEC-9E87-9445DDCEA200}.Release|Any CPU.Build.0 = Release|Any CPU
		{E0C8545E-81C4-4F2A-A01D-6C71DE1291B1}.Debug|Any CPU.ActiveCfg = Debug|Any CPU
		{E0C8545E-81C4-4F2A-A01D-6C71DE1291B1}.Debug|Any CPU.Build.0 = Debug|Any CPU
		{E0C8545E-81C4-4F2A-A01D-6C71DE1291B1}.Release|Any CPU.ActiveCfg = Release|Any CPU
		{E0C8545E-81C4-4F2A-A01D-6C71DE1291B1}.Release|Any CPU.Build.0 = Release|Any CPU
		{DE9A23AA-338E-4785-B697-2F4BE2B32B2C}.Debug|Any CPU.ActiveCfg = Debug|Any CPU
		{DE9A23AA-338E-4785-B697-2F4BE2B32B2C}.Debug|Any CPU.Build.0 = Debug|Any CPU
		{DE9A23AA-338E-4785-B697-2F4BE2B32B2C}.Release|Any CPU.ActiveCfg = Release|Any CPU
		{DE9A23AA-338E-4785-B697-2F4BE2B32B2C}.Release|Any CPU.Build.0 = Release|Any CPU
		{46368D90-60BD-4006-87FD-1B30DAD70416}.Debug|Any CPU.ActiveCfg = Debug|Any CPU
		{46368D90-60BD-4006-87FD-1B30DAD70416}.Debug|Any CPU.Build.0 = Debug|Any CPU
		{46368D90-60BD-4006-87FD-1B30DAD70416}.Release|Any CPU.ActiveCfg = Release|Any CPU
		{46368D90-60BD-4006-87FD-1B30DAD70416}.Release|Any CPU.Build.0 = Release|Any CPU
		{9EFDEDF0-70C2-4B57-A97F-6502AEA2FE6F}.Debug|Any CPU.ActiveCfg = Debug|Any CPU
		{9EFDEDF0-70C2-4B57-A97F-6502AEA2FE6F}.Debug|Any CPU.Build.0 = Debug|Any CPU
		{9EFDEDF0-70C2-4B57-A97F-6502AEA2FE6F}.Release|Any CPU.ActiveCfg = Release|Any CPU
		{9EFDEDF0-70C2-4B57-A97F-6502AEA2FE6F}.Release|Any CPU.Build.0 = Release|Any CPU
	EndGlobalSection
	GlobalSection(SolutionProperties) = preSolution
		HideSolutionNode = FALSE
	EndGlobalSection
	GlobalSection(NestedProjects) = preSolution
		{EF05649E-B4D3-46AA-ACA6-9B0E272EBC49} = {26ABE108-3ABC-4914-8CAD-3D00E8A11912}
		{79A441A9-1FEE-4454-88BA-2D33C261A778} = {EF05649E-B4D3-46AA-ACA6-9B0E272EBC49}
		{34129727-006B-41CB-AB80-EE182DBA86D5} = {EF05649E-B4D3-46AA-ACA6-9B0E272EBC49}
		{EA26F0CF-61BD-4DBF-8D89-42F5A7F8EA65} = {EF05649E-B4D3-46AA-ACA6-9B0E272EBC49}
		{FB5FB98F-0388-4804-AB28-909813A71760} = {EF05649E-B4D3-46AA-ACA6-9B0E272EBC49}
		{5B3460F2-04C1-4054-B535-D4E17ABC1DAB} = {EF05649E-B4D3-46AA-ACA6-9B0E272EBC49}
		{3E993C88-9F06-4025-A5F0-2C47D9806312} = {EF05649E-B4D3-46AA-ACA6-9B0E272EBC49}
		{26AA2559-85C8-4E1B-A44B-38A48170CF17} = {EF05649E-B4D3-46AA-ACA6-9B0E272EBC49}
		{AF5CC6AF-B4CE-4E5A-B5C5-5BFCB80C1BFA} = {6ABBD402-C129-4700-A13F-BF77C95435C3}
		{86799AC3-C8B0-4DFF-BC77-4FA1F49B3C0F} = {6ABBD402-C129-4700-A13F-BF77C95435C3}
		{2240117D-6A9E-4CBD-84F2-4E5133A9B334} = {26ABE108-3ABC-4914-8CAD-3D00E8A11912}
		{2C5FD932-2228-4C1E-92DC-B0956D6D5957} = {2240117D-6A9E-4CBD-84F2-4E5133A9B334}
		{E84DE0B0-10F6-4FA0-A095-599B13FAED39} = {2240117D-6A9E-4CBD-84F2-4E5133A9B334}
		{CD89B7AD-3736-429B-9444-D67984C02C6E} = {2240117D-6A9E-4CBD-84F2-4E5133A9B334}
		{C880C2EB-8FCB-4B62-8E2D-790186291DC4} = {2240117D-6A9E-4CBD-84F2-4E5133A9B334}
		{2C50FB52-7231-45EA-9314-FCFE2FFE42DD} = {26ABE108-3ABC-4914-8CAD-3D00E8A11912}
		{0E10B63F-86F3-4D96-B1C4-06B95B412D9C} = {2240117D-6A9E-4CBD-84F2-4E5133A9B334}
		{B2A05F1A-E0C2-4137-B619-8E9BC3649EFD} = {6ABBD402-C129-4700-A13F-BF77C95435C3}
		{885F6CD2-6601-4A08-9123-637130A45C60} = {6ABBD402-C129-4700-A13F-BF77C95435C3}
		{2540F2A4-BD98-4AA8-8C38-061060D20D95} = {26ABE108-3ABC-4914-8CAD-3D00E8A11912}
		{5E19764C-CC76-4EEC-9E87-9445DDCEA200} = {2540F2A4-BD98-4AA8-8C38-061060D20D95}
		{E0C8545E-81C4-4F2A-A01D-6C71DE1291B1} = {2540F2A4-BD98-4AA8-8C38-061060D20D95}
		{DE9A23AA-338E-4785-B697-2F4BE2B32B2C} = {2540F2A4-BD98-4AA8-8C38-061060D20D95}
		{24D17744-1E5C-40B5-B591-505C391450BF} = {26ABE108-3ABC-4914-8CAD-3D00E8A11912}
		{9EFDEDF0-70C2-4B57-A97F-6502AEA2FE6F} = {24D17744-1E5C-40B5-B591-505C391450BF}
	EndGlobalSection
	GlobalSection(ExtensibilityGlobals) = postSolution
		SolutionGuid = {BA39288E-AC40-4B74-8AE3-AB6E94D02D77}
	EndGlobalSection
EndGlobal
